PODS:
  - AnimatedCollectionViewLayout (0.5.0)
  - TMDBSwift (0.5.1)
  - YoutubeKit (0.3.0)
  - YouTubePlayer (0.4.0)

DEPENDENCIES:
  - AnimatedCollectionViewLayout
  - TMDBSwift
  - YoutubeKit
  - YouTubePlayer

SPEC REPOS:
  https://github.com/cocoapods/specs.git:
    - AnimatedCollectionViewLayout
    - TMDBSwift
    - YoutubeKit
    - YouTubePlayer

SPEC CHECKSUMS:
  AnimatedCollectionViewLayout: 8b660a623d85001f76f00f0d2302a7b043c72bda
  TMDBSwift: 9220f3dcee23372c05b92f8c111f5f4c37185aee
  YoutubeKit: a00e9eebcb3cfe26d7e233c5f8591dfd0b08f7a0
  YouTubePlayer: 028451f6772f372d4759866db99824c676ac1473

PODFILE CHECKSUM: 6685a2118d75121182c2487253eaa3a9212f1859

COCOAPODS: 1.5.3
